
Microsoft Visual Studio Solution File, Format Version 12.00
# Visual Studio Version 16
VisualStudioVersion = 16.0.31605.320
MinimumVisualStudioVersion = 10.0.40219.1
Project("{FAE04EC0-301F-11D3-BF4B-00C04F79EFBC}") = "OrgEstudiantes.Server", "Server\OrgEstudiantes.Server.csproj", "{34079A88-490C-4676-B790-FA08DF167812}"
EndProject
Project("{FAE04EC0-301F-11D3-BF4B-00C04F79EFBC}") = "OrgEstudiantes.Client", "Client\OrgEstudiantes.Client.csproj", "{4097FA17-4861-4143-9B1F-18A4686D138C}"
EndProject
Project("{FAE04EC0-301F-11D3-BF4B-00C04F79EFBC}") = "OrgEstudiantes.Comunes", "Shared\OrgEstudiantes.Comunes.csproj", "{28A21818-1491-4FB4-86B9-713E812BAA74}"
EndProject
Global
	GlobalSection(SolutionConfigurationPlatforms) = preSolution
		Debug|Any CPU = Debug|Any CPU
		Release|Any CPU = Release|Any CPU
	EndGlobalSection
	GlobalSection(ProjectConfigurationPlatforms) = postSolution
		{34079A88-490C-4676-B790-FA08DF167812}.Debug|Any CPU.ActiveCfg = Debug|Any CPU
		{34079A88-490C-4676-B790-FA08DF167812}.Debug|Any CPU.Build.0 = Debug|Any CPU
		{34079A88-490C-4676-B790-FA08DF167812}.Release|Any CPU.ActiveCfg = Release|Any CPU
		{34079A88-490C-4676-B790-FA08DF167812}.Release|Any CPU.Build.0 = Release|Any CPU
		{4097FA17-4861-4143-9B1F-18A4686D138C}.Debug|Any CPU.ActiveCfg = Debug|Any CPU
		{4097FA17-4861-4143-9B1F-18A4686D138C}.Debug|Any CPU.Build.0 = Debug|Any CPU
		{4097FA17-4861-4143-9B1F-18A4686D138C}.Release|Any CPU.ActiveCfg = Release|Any CPU
		{4097FA17-4861-4143-9B1F-18A4686D138C}.Release|Any CPU.Build.0 = Release|Any CPU
		{28A21818-1491-4FB4-86B9-713E812BAA74}.Debug|Any CPU.ActiveCfg = Debug|Any CPU
		{28A21818-1491-4FB4-86B9-713E812BAA74}.Debug|Any CPU.Build.0 = Debug|Any CPU
		{28A21818-1491-4FB4-86B9-713E812BAA74}.Release|Any CPU.ActiveCfg = Release|Any CPU
		{28A21818-1491-4FB4-86B9-713E812BAA74}.Release|Any CPU.Build.0 = Release|Any CPU
	EndGlobalSection
	GlobalSection(SolutionProperties) = preSolution
		HideSolutionNode = FALSE
	EndGlobalSection
	GlobalSection(ExtensibilityGlobals) = postSolution
		SolutionGuid = {97C2AFF2-60D1-44B7-8103-3BBADCEEBF5F}
	EndGlobalSection
EndGlobal
